
Microsoft Visual Studio Solution File, Format Version 12.00
# Visual Studio Version 17
VisualStudioVersion = 17.8.34004.107
MinimumVisualStudioVersion = 10.0.40219.1
Project("{FAE04EC0-301F-11D3-BF4B-00C04F79EFBC}") = "DemoContactApp", "DemoContactApp\DemoContactApp.csproj", "{11C69F31-FF7C-4637-9779-4C5C8132B76E}"
EndProject
Global
	GlobalSection(SolutionConfigurationPlatforms) = preSolution
		Debug|Any CPU = Debug|Any CPU
		Release|Any CPU = Release|Any CPU
	EndGlobalSection
	GlobalSection(ProjectConfigurationPlatforms) = postSolution
		{11C69F31-FF7C-4637-9779-4C5C8132B76E}.Debug|Any CPU.ActiveCfg = Debug|Any CPU
		{11C69F31-FF7C-4637-9779-4C5C8132B76E}.Debug|Any CPU.Build.0 = Debug|Any CPU
		{11C69F31-FF7C-4637-9779-4C5C8132B76E}.Debug|Any CPU.Deploy.0 = Debug|Any CPU
		{11C69F31-FF7C-4637-9779-4C5C8132B76E}.Release|Any CPU.ActiveCfg = Release|Any CPU
		{11C69F31-FF7C-4637-9779-4C5C8132B76E}.Release|Any CPU.Build.0 = Release|Any CPU
		{11C69F31-FF7C-4637-9779-4C5C8132B76E}.Release|Any CPU.Deploy.0 = Release|Any CPU
	EndGlobalSection
	GlobalSection(SolutionProperties) = preSolution
		HideSolutionNode = FALSE
	EndGlobalSection
	GlobalSection(ExtensibilityGlobals) = postSolution
		SolutionGuid = {BF093EDA-7E6E-49B3-B51C-B0BE430E3D91}
	EndGlobalSection
EndGlobal
